
Microsoft Visual Studio Solution File, Format Version 12.00
# Visual Studio 15
VisualStudioVersion = 15.0.28010.2026
MinimumVisualStudioVersion = 10.0.40219.1
Project("{FAE04EC0-301F-11D3-BF4B-00C04F79EFBC}") = "Stock.Web", "StockApp\Stock.Web.csproj", "{F6B4A8F7-AC3D-4FDD-A3BB-F1AC4E25267C}"
EndProject
Project("{FAE04EC0-301F-11D3-BF4B-00C04F79EFBC}") = "Stock.Interface", "Stock.Interface\Stock.Interface.csproj", "{2631690C-FB36-4CA8-9115-FDF7FC5A3FA9}"
EndProject
Project("{FAE04EC0-301F-11D3-BF4B-00C04F79EFBC}") = "Stock.Concrete", "Stock.Concrete\Stock.Concrete.csproj", "{32179C6D-2CB8-4D70-AA81-0C0308DACB88}"
EndProject
Project("{FAE04EC0-301F-11D3-BF4B-00C04F79EFBC}") = "Stock.Models", "Stock.Models\Stock.Models.csproj", "{110EE936-44A9-4DD1-8BBC-7EDAC5A53FD5}"
EndProject
Global
	GlobalSection(SolutionConfigurationPlatforms) = preSolution
		Debug|Any CPU = Debug|Any CPU
		Release|Any CPU = Release|Any CPU
	EndGlobalSection
	GlobalSection(ProjectConfigurationPlatforms) = postSolution
		{F6B4A8F7-AC3D-4FDD-A3BB-F1AC4E25267C}.Debug|Any CPU.ActiveCfg = Debug|Any CPU
		{F6B4A8F7-AC3D-4FDD-A3BB-F1AC4E25267C}.Debug|Any CPU.Build.0 = Debug|Any CPU
		{F6B4A8F7-AC3D-4FDD-A3BB-F1AC4E25267C}.Release|Any CPU.ActiveCfg = Release|Any CPU
		{F6B4A8F7-AC3D-4FDD-A3BB-F1AC4E25267C}.Release|Any CPU.Build.0 = Release|Any CPU
		{2631690C-FB36-4CA8-9115-FDF7FC5A3FA9}.Debug|Any CPU.ActiveCfg = Debug|Any CPU
		{2631690C-FB36-4CA8-9115-FDF7FC5A3FA9}.Debug|Any CPU.Build.0 = Debug|Any CPU
		{2631690C-FB36-4CA8-9115-FDF7FC5A3FA9}.Release|Any CPU.ActiveCfg = Release|Any CPU
		{2631690C-FB36-4CA8-9115-FDF7FC5A3FA9}.Release|Any CPU.Build.0 = Release|Any CPU
		{32179C6D-2CB8-4D70-AA81-0C0308DACB88}.Debug|Any CPU.ActiveCfg = Debug|Any CPU
		{32179C6D-2CB8-4D70-AA81-0C0308DACB88}.Debug|Any CPU.Build.0 = Debug|Any CPU
		{32179C6D-2CB8-4D70-AA81-0C0308DACB88}.Release|Any CPU.ActiveCfg = Release|Any CPU
		{32179C6D-2CB8-4D70-AA81-0C0308DACB88}.Release|Any CPU.Build.0 = Release|Any CPU
		{110EE936-44A9-4DD1-8BBC-7EDAC5A53FD5}.Debug|Any CPU.ActiveCfg = Debug|Any CPU
		{110EE936-44A9-4DD1-8BBC-7EDAC5A53FD5}.Debug|Any CPU.Build.0 = Debug|Any CPU
		{110EE936-44A9-4DD1-8BBC-7EDAC5A53FD5}.Release|Any CPU.ActiveCfg = Release|Any CPU
		{110EE936-44A9-4DD1-8BBC-7EDAC5A53FD5}.Release|Any CPU.Build.0 = Release|Any CPU
	EndGlobalSection
	GlobalSection(SolutionProperties) = preSolution
		HideSolutionNode = FALSE
	EndGlobalSection
	GlobalSection(ExtensibilityGlobals) = postSolution
		SolutionGuid = {A034DA14-C439-4D61-84C5-1B48FA2EBFBE}
	EndGlobalSection
EndGlobal
